
Microsoft Visual Studio Solution File, Format Version 12.00
# Visual Studio Version 17
VisualStudioVersion = 17.5.002.0
MinimumVisualStudioVersion = 10.0.40219.1
Project("{9A19103F-16F7-4668-BE54-9A1E7A4F7556}") = "day1", "day1.csproj", "{4EBC3C06-E8AD-40CB-BCDD-5AF3B74B5A4E}"
EndProject
Global
	GlobalSection(SolutionConfigurationPlatforms) = preSolution
		Debug|Any CPU = Debug|Any CPU
		Release|Any CPU = Release|Any CPU
	EndGlobalSection
	GlobalSection(ProjectConfigurationPlatforms) = postSolution
		{4EBC3C06-E8AD-40CB-BCDD-5AF3B74B5A4E}.Debug|Any CPU.ActiveCfg = Debug|Any CPU
		{4EBC3C06-E8AD-40CB-BCDD-5AF3B74B5A4E}.Debug|Any CPU.Build.0 = Debug|Any CPU
		{4EBC3C06-E8AD-40CB-BCDD-5AF3B74B5A4E}.Release|Any CPU.ActiveCfg = Release|Any CPU
		{4EBC3C06-E8AD-40CB-BCDD-5AF3B74B5A4E}.Release|Any CPU.Build.0 = Release|Any CPU
	EndGlobalSection
	GlobalSection(SolutionProperties) = preSolution
		HideSolutionNode = FALSE
	EndGlobalSection
	GlobalSection(ExtensibilityGlobals) = postSolution
		SolutionGuid = {6C97AB0F-1685-4B6E-BEA3-6BFD2DEEA358}
	EndGlobalSection
EndGlobal
